
Microsoft Visual Studio Solution File, Format Version 12.00
# Visual Studio Version 17
VisualStudioVersion = 17.0.31903.59
MinimumVisualStudioVersion = 10.0.40219.1
Project("{2150E333-8FDC-42A3-9474-1A3956D46DE8}") = "src", "src", "{AF157F7A-8D84-42AD-BFE2-9B8765C64E6D}"
EndProject
Project("{FAE04EC0-301F-11D3-BF4B-00C04F79EFBC}") = "AuctionService", "src\AuctionService\AuctionService.csproj", "{AFED16E1-1C63-47A8-A812-2D0006266843}"
EndProject
Project("{FAE04EC0-301F-11D3-BF4B-00C04F79EFBC}") = "SearchService", "src\SearchService\SearchService.csproj", "{B257C4EE-995E-416C-9FD0-48F6413DD054}"
EndProject
Global
	GlobalSection(SolutionConfigurationPlatforms) = preSolution
		Debug|Any CPU = Debug|Any CPU
		Release|Any CPU = Release|Any CPU
	EndGlobalSection
	GlobalSection(SolutionProperties) = preSolution
		HideSolutionNode = FALSE
	EndGlobalSection
	GlobalSection(ProjectConfigurationPlatforms) = postSolution
		{AFED16E1-1C63-47A8-A812-2D0006266843}.Debug|Any CPU.ActiveCfg = Debug|Any CPU
		{AFED16E1-1C63-47A8-A812-2D0006266843}.Debug|Any CPU.Build.0 = Debug|Any CPU
		{AFED16E1-1C63-47A8-A812-2D0006266843}.Release|Any CPU.ActiveCfg = Release|Any CPU
		{AFED16E1-1C63-47A8-A812-2D0006266843}.Release|Any CPU.Build.0 = Release|Any CPU
		{B257C4EE-995E-416C-9FD0-48F6413DD054}.Debug|Any CPU.ActiveCfg = Debug|Any CPU
		{B257C4EE-995E-416C-9FD0-48F6413DD054}.Debug|Any CPU.Build.0 = Debug|Any CPU
		{B257C4EE-995E-416C-9FD0-48F6413DD054}.Release|Any CPU.ActiveCfg = Release|Any CPU
		{B257C4EE-995E-416C-9FD0-48F6413DD054}.Release|Any CPU.Build.0 = Release|Any CPU
	EndGlobalSection
	GlobalSection(NestedProjects) = preSolution
		{AFED16E1-1C63-47A8-A812-2D0006266843} = {AF157F7A-8D84-42AD-BFE2-9B8765C64E6D}
		{B257C4EE-995E-416C-9FD0-48F6413DD054} = {AF157F7A-8D84-42AD-BFE2-9B8765C64E6D}
	EndGlobalSection
EndGlobal
